<?xml version="1.0" encoding="utf-8"?>
<Project ToolsVersion="4.0" xmlns="http://schemas.microsoft.com/developer/msbuild/2003">
  <ItemGroup>
    <Filter Include="Source Files">
      <UniqueIdentifier>{4FC737F1-C7A5-4376-A066-2A32D752A2FF}</UniqueIdentifier>
      <Extensions>cpp;c;cc;cxx;def;odl;idl;hpj;bat;asm;asmx</Extensions>
    </Filter>
    <Filter Include="Header Files">
      <UniqueIdentifier>{93995380-89BD-4b04-88EB-625FBE52EBFB}</UniqueIdentifier>
      <Extensions>h;hpp;hxx;hm;inl;inc;xsd</Extensions>
    </Filter>
    <Filter Include="Resource Files">
      <UniqueIdentifier>{67DA6AB6-F800-4c08-8B7A-83BB121AAD01}</UniqueIdentifier>
      <Extensions>rc;ico;cur;bmp;dlg;rc2;rct;bin;rgs;gif;jpg;jpeg;jpe;resx;tiff;tif;png;wav;mfcribbon-ms</Extensions>
    </Filter>
  </ItemGroup>
  <ItemGroup>
    <None Include="h264bsd.def">
      <Filter>Source Files</Filter>
    </None>
  </ItemGroup>
  <ItemGroup>
    <ClCompile Include="..\src\h264bsd_slice_group_map.c">
      <Filter>Source Files</Filter>
    </ClCompile>
    <ClCompile Include="..\src\h264bsd_slice_header.c">
      <Filter>Source Files</Filter>
    </ClCompile>
    <ClCompile Include="..\src\h264bsd_storage.c">
      <Filter>Source Files</Filter>
    </ClCompile>
    <ClCompile Include="..\src\h264bsd_stream.c">
      <Filter>Source Files</Filter>
    </ClCompile>
    <ClCompile Include="..\src\h264bsd_transform.c">
      <Filter>Source Files</Filter>
    </ClCompile>
    <ClCompile Include="..\src\h264bsd_util.c">
      <Filter>Source Files</Filter>
    </ClCompile>
    <ClCompile Include="..\src\h264bsd_vlc.c">
      <Filter>Source Files</Filter>
    </ClCompile>
    <ClCompile Include="..\src\h264bsd_vui.c">
      <Filter>Source Files</Filter>
    </ClCompile>
    <ClCompile Include="..\src\h264bsd_byte_stream.c">
      <Filter>Source Files</Filter>
    </ClCompile>
    <ClCompile Include="..\src\h264bsd_cavlc.c">
      <Filter>Source Files</Filter>
    </ClCompile>
    <ClCompile Include="..\src\h264bsd_conceal.c">
      <Filter>Source Files</Filter>
    </ClCompile>
    <ClCompile Include="..\src\h264bsd_deblocking.c">
      <Filter>Source Files</Filter>
    </ClCompile>
    <ClCompile Include="..\src\h264bsd_decoder.c">
      <Filter>Source Files</Filter>
    </ClCompile>
    <ClCompile Include="..\src\h264bsd_dpb.c">
      <Filter>Source Files</Filter>
    </ClCompile>
    <ClCompile Include="..\src\h264bsd_image.c">
      <Filter>Source Files</Filter>
    </ClCompile>
    <ClCompile Include="..\src\h264bsd_inter_prediction.c">
      <Filter>Source Files</Filter>
    </ClCompile>
    <ClCompile Include="..\src\h264bsd_intra_prediction.c">
      <Filter>Source Files</Filter>
    </ClCompile>
    <ClCompile Include="..\src\h264bsd_macroblock_layer.c">
      <Filter>Source Files</Filter>
    </ClCompile>
    <ClCompile Include="..\src\h264bsd_nal_unit.c">
      <Filter>Source Files</Filter>
    </ClCompile>
    <ClCompile Include="..\src\h264bsd_neighbour.c">
      <Filter>Source Files</Filter>
    </ClCompile>
    <ClCompile Include="..\src\h264bsd_pic_order_cnt.c">
      <Filter>Source Files</Filter>
    </ClCompile>
    <ClCompile Include="..\src\h264bsd_pic_param_set.c">
      <Filter>Source Files</Filter>
    </ClCompile>
    <ClCompile Include="..\src\h264bsd_reconstruct.c">
      <Filter>Source Files</Filter>
    </ClCompile>
    <ClCompile Include="..\src\h264bsd_sei.c">
      <Filter>Source Files</Filter>
    </ClCompile>
    <ClCompile Include="..\src\h264bsd_seq_param_set.c">
      <Filter>Source Files</Filter>
    </ClCompile>
    <ClCompile Include="..\src\h264bsd_slice_data.c">
      <Filter>Source Files</Filter>
    </ClCompile>
  </ItemGroup>
  <ItemGroup>
    <ClInclude Include="..\src\h264bsd_slice_group_map.h">
      <Filter>Header Files</Filter>
    </ClInclude>
    <ClInclude Include="..\src\h264bsd_slice_header.h">
      <Filter>Header Files</Filter>
    </ClInclude>
    <ClInclude Include="..\src\h264bsd_storage.h">
      <Filter>Header Files</Filter>
    </ClInclude>
    <ClInclude Include="..\src\h264bsd_stream.h">
      <Filter>Header Files</Filter>
    </ClInclude>
    <ClInclude Include="..\src\h264bsd_transform.h">
      <Filter>Header Files</Filter>
    </ClInclude>
    <ClInclude Include="..\src\h264bsd_util.h">
      <Filter>Header Files</Filter>
    </ClInclude>
    <ClInclude Include="..\src\h264bsd_vlc.h">
      <Filter>Header Files</Filter>
    </ClInclude>
    <ClInclude Include="..\src\h264bsd_vui.h">
      <Filter>Header Files</Filter>
    </ClInclude>
    <ClInclude Include="..\src\basetype.h">
      <Filter>Header Files</Filter>
    </ClInclude>
    <ClInclude Include="..\src\h264bsd_byte_stream.h">
      <Filter>Header Files</Filter>
    </ClInclude>
    <ClInclude Include="..\src\h264bsd_cavlc.h">
      <Filter>Header Files</Filter>
    </ClInclude>
    <ClInclude Include="..\src\h264bsd_cfg.h">
      <Filter>Header Files</Filter>
    </ClInclude>
    <ClInclude Include="..\src\h264bsd_conceal.h">
      <Filter>Header Files</Filter>
    </ClInclude>
    <ClInclude Include="..\src\h264bsd_container.h">
      <Filter>Header Files</Filter>
    </ClInclude>
    <ClInclude Include="..\src\h264bsd_deblocking.h">
      <Filter>Header Files</Filter>
    </ClInclude>
    <ClInclude Include="..\src\h264bsd_decoder.h">
      <Filter>Header Files</Filter>
    </ClInclude>
    <ClInclude Include="..\src\h264bsd_dpb.h">
      <Filter>Header Files</Filter>
    </ClInclude>
    <ClInclude Include="..\src\h264bsd_image.h">
      <Filter>Header Files</Filter>
    </ClInclude>
    <ClInclude Include="..\src\h264bsd_inter_prediction.h">
      <Filter>Header Files</Filter>
    </ClInclude>
    <ClInclude Include="..\src\h264bsd_intra_prediction.h">
      <Filter>Header Files</Filter>
    </ClInclude>
    <ClInclude Include="..\src\h264bsd_macroblock_layer.h">
      <Filter>Header Files</Filter>
    </ClInclude>
    <ClInclude Include="..\src\h264bsd_nal_unit.h">
      <Filter>Header Files</Filter>
    </ClInclude>
    <ClInclude Include="..\src\h264bsd_neighbour.h">
      <Filter>Header Files</Filter>
    </ClInclude>
    <ClInclude Include="..\src\h264bsd_pic_order_cnt.h">
      <Filter>Header Files</Filter>
    </ClInclude>
    <ClInclude Include="..\src\h264bsd_pic_param_set.h">
      <Filter>Header Files</Filter>
    </ClInclude>
    <ClInclude Include="..\src\h264bsd_reconstruct.h">
      <Filter>Header Files</Filter>
    </ClInclude>
    <ClInclude Include="..\src\h264bsd_sei.h">
      <Filter>Header Files</Filter>
    </ClInclude>
    <ClInclude Include="..\src\h264bsd_seq_param_set.h">
      <Filter>Header Files</Filter>
    </ClInclude>
    <ClInclude Include="..\src\h264bsd_slice_data.h">
      <Filter>Header Files</Filter>
    </ClInclude>
  </ItemGroup>
</Project>